
Microsoft Visual Studio Solution File, Format Version 12.00
# Visual Studio 15
VisualStudioVersion = 15.0.26730.16
MinimumVisualStudioVersion = 10.0.40219.1
Project("{FAE04EC0-301F-11D3-BF4B-00C04F79EFBC}") = "GiddyUpCore", "GiddyUpCore.csproj", "{8092BA5D-6451-4BA3-A1F5-914AC774A8B3}"
EndProject
Global
	GlobalSection(SolutionConfigurationPlatforms) = preSolution
		Debug|Any CPU = Debug|Any CPU
		Release|Any CPU = Release|Any CPU
	EndGlobalSection
	GlobalSection(ProjectConfigurationPlatforms) = postSolution
		{8092BA5D-6451-4BA3-A1F5-914AC774A8B3}.Debug|Any CPU.ActiveCfg = Debug|Any CPU
		{8092BA5D-6451-4BA3-A1F5-914AC774A8B3}.Debug|Any CPU.Build.0 = Debug|Any CPU
		{8092BA5D-6451-4BA3-A1F5-914AC774A8B3}.Release|Any CPU.ActiveCfg = Release|Any CPU
		{8092BA5D-6451-4BA3-A1F5-914AC774A8B3}.Release|Any CPU.Build.0 = Release|Any CPU
	EndGlobalSection
	GlobalSection(SolutionProperties) = preSolution
		HideSolutionNode = FALSE
	EndGlobalSection
	GlobalSection(ExtensibilityGlobals) = postSolution
		SolutionGuid = {90CEBB6F-C385-4B55-A4D3-664D4E3C7466}
	EndGlobalSection
EndGlobal
